// !$*UTF8*$!
{
	archiveVersion = 1;
	classes = {
	};
	objectVersion = 46;
	objects = {

/* Begin PBXBuildFile section */
		4902B3F61E4EA9E100A28350 /* DetailViewController.swift in Sources */ = {isa = PBXBuildFile; fileRef = 4902B3F51E4EA9E100A28350 /* DetailViewController.swift */; };
		499112481E4138AF00F70463 /* AppDelegate.swift in Sources */ = {isa = PBXBuildFile; fileRef = 499112471E4138AF00F70463 /* AppDelegate.swift */; };
		4991124D1E4138AF00F70463 /* Main.storyboard in Resources */ = {isa = PBXBuildFile; fileRef = 4991124B1E4138AF00F70463 /* Main.storyboard */; };
		4991124F1E4138AF00F70463 /* Assets.xcassets in Resources */ = {isa = PBXBuildFile; fileRef = 4991124E1E4138AF00F70463 /* Assets.xcassets */; };
		499112521E4138AF00F70463 /* LaunchScreen.storyboard in Resources */ = {isa = PBXBuildFile; fileRef = 499112501E4138AF00F70463 /* LaunchScreen.storyboard */; };
		4991125A1E41392400F70463 /* MoviesViewController.swift in Sources */ = {isa = PBXBuildFile; fileRef = 499112591E41392400F70463 /* MoviesViewController.swift */; };
		4991125D1E415D7800F70463 /* MovieCell.swift in Sources */ = {isa = PBXBuildFile; fileRef = 4991125C1E415D7800F70463 /* MovieCell.swift */; };
		C559CCB2466245FA7A762ECF /* Pods_MovieViewer.framework in Frameworks */ = {isa = PBXBuildFile; fileRef = 127E6CB29EC465073674AEF8 /* Pods_MovieViewer.framework */; };
/* End PBXBuildFile section */

/* Begin PBXFileReference section */
		109539B903E03E4B59203A2F /* Pods-MovieViewer.release.xcconfig */ = {isa = PBXFileReference; includeInIndex = 1; lastKnownFileType = text.xcconfig; name = "Pods-MovieViewer.release.xcconfig"; path = "Pods/Target Support Files/Pods-MovieViewer/Pods-MovieViewer.release.xcconfig"; sourceTree = "<group>"; };
		127E6CB29EC465073674AEF8 /* Pods_MovieViewer.framework */ = {isa = PBXFileReference; explicitFileType = wrapper.framework; includeInIndex = 0; path = Pods_MovieViewer.framework; sourceTree = BUILT_PRODUCTS_DIR; };
		4902B3F51E4EA9E100A28350 /* DetailViewController.swift */ = {isa = PBXFileReference; fileEncoding = 4; lastKnownFileType = sourcecode.swift; path = DetailViewController.swift; sourceTree = "<group>"; };
		499112441E4138AF00F70463 /* MovieViewer.app */ = {isa = PBXFileReference; explicitFileType = wrapper.application; includeInIndex = 0; path = MovieViewer.app; sourceTree = BUILT_PRODUCTS_DIR; };
		499112471E4138AF00F70463 /* AppDelegate.swift */ = {isa = PBXFileReference; lastKnownFileType = sourcecode.swift; path = AppDelegate.swift; sourceTree = "<group>"; };
		4991124C1E4138AF00F70463 /* Base */ = {isa = PBXFileReference; lastKnownFileType = file.storyboard; name = Base; path = Base.lproj/Main.storyboard; sourceTree = "<group>"; };
		4991124E1E4138AF00F70463 /* Assets.xcassets */ = {isa = PBXFileReference; lastKnownFileType = folder.assetcatalog; path = Assets.xcassets; sourceTree = "<group>"; };
		499112511E4138AF00F70463 /* Base */ = {isa = PBXFileReference; lastKnownFileType = file.storyboard; name = Base; path = Base.lproj/LaunchScreen.storyboard; sourceTree = "<group>"; };
		499112531E4138AF00F70463 /* Info.plist */ = {isa = PBXFileReference; lastKnownFileType = text.plist.xml; path = Info.plist; sourceTree = "<group>"; };
		499112591E41392400F70463 /* MoviesViewController.swift */ = {isa = PBXFileReference; fileEncoding = 4; lastKnownFileType = sourcecode.swift; path = MoviesViewController.swift; sourceTree = "<group>"; };
		4991125C1E415D7800F70463 /* MovieCell.swift */ = {isa = PBXFileReference; fileEncoding = 4; lastKnownFileType = sourcecode.swift; path = MovieCell.swift; sourceTree = "<group>"; };
		CABD896E46866BD045DF5DBE /* Pods-MovieViewer.debug.xcconfig */ = {isa = PBXFileReference; includeInIndex = 1; lastKnownFileType = text.xcconfig; name = "Pods-MovieViewer.debug.xcconfig"; path = "Pods/Target Support Files/Pods-MovieViewer/Pods-MovieViewer.debug.xcconfig"; sourceTree = "<group>"; };
/* End PBXFileReference section */

/* Begin PBXFrameworksBuildPhase section */
		499112411E4138AF00F70463 /* Frameworks */ = {
			isa = PBXFrameworksBuildPhase;
			buildActionMask = 2147483647;
			files = (
				C559CCB2466245FA7A762ECF /* Pods_MovieViewer.framework in Frameworks */,
			);
			runOnlyForDeploymentPostprocessing = 0;
		};
/* End PBXFrameworksBuildPhase section */

/* Begin PBXGroup section */
		4991123B1E4138AF00F70463 = {
			isa = PBXGroup;
			children = (
				499112461E4138AF00F70463 /* MovieViewer */,
				499112451E4138AF00F70463 /* Products */,
				9A0A19D1E9F96ED91B3485EA /* Pods */,
				EBE34E72D81B052ACF8356BB /* Frameworks */,
			);
			sourceTree = "<group>";
		};
		499112451E4138AF00F70463 /* Products */ = {
			isa = PBXGroup;
			children = (
				499112441E4138AF00F70463 /* MovieViewer.app */,
			);
			name = Products;
			sourceTree = "<group>";
		};
		499112461E4138AF00F70463 /* MovieViewer */ = {
			isa = PBXGroup;
			children = (
				4991125E1E415DA900F70463 /* view controllers */,
				4991125B1E415D3300F70463 /* Views */,
				499112471E4138AF00F70463 /* AppDelegate.swift */,
				4991124B1E4138AF00F70463 /* Main.storyboard */,
				4991124E1E4138AF00F70463 /* Assets.xcassets */,
				499112501E4138AF00F70463 /* LaunchScreen.storyboard */,
				499112531E4138AF00F70463 /* Info.plist */,
			);
			path = MovieViewer;
			sourceTree = "<group>";
		};
		4991125B1E415D3300F70463 /* Views */ = {
			isa = PBXGroup;
			children = (
				4991125C1E415D7800F70463 /* MovieCell.swift */,
			);
			name = Views;
			sourceTree = "<group>";
		};
		4991125E1E415DA900F70463 /* view controllers */ = {
			isa = PBXGroup;
			children = (
				499112591E41392400F70463 /* MoviesViewController.swift */,
				4902B3F51E4EA9E100A28350 /* DetailViewController.swift */,
			);
			name = "view controllers";
			sourceTree = "<group>";
		};
		9A0A19D1E9F96ED91B3485EA /* Pods */ = {
			isa = PBXGroup;
			children = (
				CABD896E46866BD045DF5DBE /* Pods-MovieViewer.debug.xcconfig */,
				109539B903E03E4B59203A2F /* Pods-MovieViewer.release.xcconfig */,
			);
			name = Pods;
			sourceTree = "<group>";
		};
		EBE34E72D81B052ACF8356BB /* Frameworks */ = {
			isa = PBXGroup;
			children = (
				127E6CB29EC465073674AEF8 /* Pods_MovieViewer.framework */,
			);
			name = Frameworks;
			sourceTree = "<group>";
		};
/* End PBXGroup section */

/* Begin PBXNativeTarget section */
		499112431E4138AF00F70463 /* MovieViewer */ = {
			isa = PBXNativeTarget;
			buildConfigurationList = 499112561E4138AF00F70463 /* Build configuration list for PBXNativeTarget "MovieViewer" */;
			buildPhases = (
				12F85FA3D41A536EBE338934 /* [CP] Check Pods Manifest.lock */,
				499112401E4138AF00F70463 /* Sources */,
				499112411E4138AF00F70463 /* Frameworks */,
				499112421E4138AF00F70463 /* Resources */,
				417B10C3D21A607E6336420B /* [CP] Embed Pods Frameworks */,
				F42236C1CBBD7941D85733EE /* [CP] Copy Pods Resources */,
			);
			buildRules = (
			);
			dependencies = (
			);
			name = MovieViewer;
			productName = MovieViewer;
			productReference = 499112441E4138AF00F70463 /* MovieViewer.app */;
			productType = "com.apple.product-type.application";
		};
/* End PBXNativeTarget section */

/* Begin PBXProject section */
		4991123C1E4138AF00F70463 /* Project object */ = {
			isa = PBXProject;
			attributes = {
				LastSwiftUpdateCheck = 0810;
				LastUpgradeCheck = 0810;
				ORGANIZATIONNAME = DerrickCorp;
				TargetAttributes = {
					499112431E4138AF00F70463 = {
						CreatedOnToolsVersion = 8.1;
						DevelopmentTeam = RRX89U7G27;
						ProvisioningStyle = Automatic;
					};
				};
			};
			buildConfigurationList = 4991123F1E4138AF00F70463 /* Build configuration list for PBXProject "MovieViewer" */;
			compatibilityVersion = "Xcode 3.2";
			developmentRegion = English;
			hasScannedForEncodings = 0;
			knownRegions = (
				en,
				Base,
			);
			mainGroup = 4991123B1E4138AF00F70463;
			productRefGroup = 499112451E4138AF00F70463 /* Products */;
			projectDirPath = "";
			projectRoot = "";
			targets = (
				499112431E4138AF00F70463 /* MovieViewer */,
			);
		};
/* End PBXProject section */

/* Begin PBXResourcesBuildPhase section */
		499112421E4138AF00F70463 /* Resources */ = {
			isa = PBXResourcesBuildPhase;
			buildActionMask = 2147483647;
			files = (
				499112521E4138AF00F70463 /* LaunchScreen.storyboard in Resources */,
				4991124F1E4138AF00F70463 /* Assets.xcassets in Resources */,
				4991124D1E4138AF00F70463 /* Main.storyboard in Resources */,
			);
			runOnlyForDeploymentPostprocessing = 0;
		};
/* End PBXResourcesBuildPhase section */

/* Begin PBXShellScriptBuildPhase section */
		12F85FA3D41A536EBE338934 /* [CP] Check Pods Manifest.lock */ = {
			isa = PBXShellScriptBuildPhase;
			buildActionMask = 2147483647;
			files = (
			);
			inputPaths = (
			);
			name = "[CP] Check Pods Manifest.lock";
			outputPaths = (
			);
			runOnlyForDeploymentPostprocessing = 0;
			shellPath = /bin/sh;
			shellScript = "diff \"${PODS_ROOT}/../Podfile.lock\" \"${PODS_ROOT}/Manifest.lock\" > /dev/null\nif [ $? != 0 ] ; then\n    # print error to STDERR\n    echo \"error: The sandbox is not in sync with the Podfile.lock. Run 'pod install' or update your CocoaPods installation.\" >&2\n    exit 1\nfi\n";
			showEnvVarsInLog = 0;
		};
		417B10C3D21A607E6336420B /* [CP] Embed Pods Frameworks */ = {
			isa = PBXShellScriptBuildPhase;
			buildActionMask = 2147483647;
			files = (
			);
			inputPaths = (
			);
			name = "[CP] Embed Pods Frameworks";
			outputPaths = (
			);
			runOnlyForDeploymentPostprocessing = 0;
			shellPath = /bin/sh;
			shellScript = "\"${SRCROOT}/Pods/Target Support Files/Pods-MovieViewer/Pods-MovieViewer-frameworks.sh\"\n";
			showEnvVarsInLog = 0;
		};
		F42236C1CBBD7941D85733EE /* [CP] Copy Pods Resources */ = {
			isa = PBXShellScriptBuildPhase;
			buildActionMask = 2147483647;
			files = (
			);
			inputPaths = (
			);
			name = "[CP] Copy Pods Resources";
			outputPaths = (
			);
			runOnlyForDeploymentPostprocessing = 0;
			shellPath = /bin/sh;
			shellScript = "\"${SRCROOT}/Pods/Target Support Files/Pods-MovieViewer/Pods-MovieViewer-resources.sh\"\n";
			showEnvVarsInLog = 0;
		};
/* End PBXShellScriptBuildPhase section */

/* Begin PBXSourcesBuildPhase section */
		499112401E4138AF00F70463 /* Sources */ = {
			isa = PBXSourcesBuildPhase;
			buildActionMask = 2147483647;
			files = (
				499112481E4138AF00F70463 /* AppDelegate.swift in Sources */,
				4991125A1E41392400F70463 /* MoviesViewController.swift in Sources */,
				4991125D1E415D7800F70463 /* MovieCell.swift in Sources */,
				4902B3F61E4EA9E100A28350 /* DetailViewController.swift in Sources */,
			);
			runOnlyForDeploymentPostprocessing = 0;
		};
/* End PBXSourcesBuildPhase section */

/* Begin PBXVariantGroup section */
		4991124B1E4138AF00F70463 /* Main.storyboard */ = {
			isa = PBXVariantGroup;
			children = (
				4991124C1E4138AF00F70463 /* Base */,
			);
			name = Main.storyboard;
			sourceTree = "<group>";
		};
		499112501E4138AF00F70463 /* LaunchScreen.storyboard */ = {
			isa = PBXVariantGroup;
			children = (
				499112511E4138AF00F70463 /* Base */,
			);
			name = LaunchScreen.storyboard;
			sourceTree = "<group>";
		};
/* End PBXVariantGroup section */

/* Begin XCBuildConfiguration section */
		499112541E4138AF00F70463 /* Debug */ = {
			isa = XCBuildConfiguration;
			buildSettings = {
				ALWAYS_SEARCH_USER_PATHS = NO;
				CLANG_ANALYZER_NONNULL = YES;
				CLANG_CXX_LANGUAGE_STANDARD = "gnu++0x";
				CLANG_CXX_LIBRARY = "libc++";
				CLANG_ENABLE_MODULES = YES;
				CLANG_ENABLE_OBJC_ARC = YES;
				CLANG_WARN_BOOL_CONVERSION = YES;
				CLANG_WARN_CONSTANT_CONVERSION = YES;
				CLANG_WARN_DIRECT_OBJC_ISA_USAGE = YES_ERROR;
				CLANG_WARN_DOCUMENTATION_COMMENTS = YES;
				CLANG_WARN_EMPTY_BODY = YES;
				CLANG_WARN_ENUM_CONVERSION = YES;
				CLANG_WARN_INFINITE_RECURSION = YES;
				CLANG_WARN_INT_CONVERSION = YES;
				CLANG_WARN_OBJC_ROOT_CLASS = YES_ERROR;
				CLANG_WARN_SUSPICIOUS_MOVES = YES;
				CLANG_WARN_UNREACHABLE_CODE = YES;
				CLANG_WARN__DUPLICATE_METHOD_MATCH = YES;
				"CODE_SIGN_IDENTITY[sdk=iphoneos*]" = "iPhone Developer";
				COPY_PHASE_STRIP = NO;
				DEBUG_INFORMATION_FORMAT = dwarf;
				ENABLE_STRICT_OBJC_MSGSEND = YES;
				ENABLE_TESTABILITY = YES;
				GCC_C_LANGUAGE_STANDARD = gnu99;
				GCC_DYNAMIC_NO_PIC = NO;
				GCC_NO_COMMON_BLOCKS = YES;
				GCC_OPTIMIZATION_LEVEL = 0;
				GCC_PREPROCESSOR_DEFINITIONS = (
					"DEBUG=1",
					"$(inherited)",
				);
				GCC_WARN_64_TO_32_BIT_CONVERSION = YES;
				GCC_WARN_ABOUT_RETURN_TYPE = YES_ERROR;
				GCC_WARN_UNDECLARED_SELECTOR = YES;
				GCC_WARN_UNINITIALIZED_AUTOS = YES_AGGRESSIVE;
				GCC_WARN_UNUSED_FUNCTION = YES;
				GCC_WARN_UNUSED_VARIABLE = YES;
				IPHONEOS_DEPLOYMENT_TARGET = 10.1;
				MTL_ENABLE_DEBUG_INFO = YES;
				ONLY_ACTIVE_ARCH = YES;
				SDKROOT = iphoneos;
				SWIFT_ACTIVE_COMPILATION_CONDITIONS = DEBUG;
				SWIFT_OPTIMIZATION_LEVEL = "-Onone";
			};
			name = Debug;
		};
		499112551E4138AF00F70463 /* Release */ = {
			isa = XCBuildConfiguration;
			buildSettings = {
				ALWAYS_SEARCH_USER_PATHS = NO;
				CLANG_ANALYZER_NONNULL = YES;
				CLANG_CXX_LANGUAGE_STANDARD = "gnu++0x";
				CLANG_CXX_LIBRARY = "libc++";
				CLANG_ENABLE_MODULES = YES;
				CLANG_ENABLE_OBJC_ARC = YES;
				CLANG_WARN_BOOL_CONVERSION = YES;
				CLANG_WARN_CONSTANT_CONVERSION = YES;
				CLANG_WARN_DIRECT_OBJC_ISA_USAGE = YES_ERROR;
				CLANG_WARN_DOCUMENTATION_COMMENTS = YES;
				CLANG_WARN_EMPTY_BODY = YES;
				CLANG_WARN_ENUM_CONVERSION = YES;
				CLANG_WARN_INFINITE_RECURSION = YES;
				CLANG_WARN_INT_CONVERSION = YES;
				CLANG_WARN_OBJC_ROOT_CLASS = YES_ERROR;
				CLANG_WARN_SUSPICIOUS_MOVES = YES;
				CLANG_WARN_UNREACHABLE_CODE = YES;
				CLANG_WARN__DUPLICATE_METHOD_MATCH = YES;
				"CODE_SIGN_IDENTITY[sdk=iphoneos*]" = "iPhone Developer";
				COPY_PHASE_STRIP = NO;
				DEBUG_INFORMATION_FORMAT = "dwarf-with-dsym";
				ENABLE_NS_ASSERTIONS = NO;
				ENABLE_STRICT_OBJC_MSGSEND = YES;
				GCC_C_LANGUAGE_STANDARD = gnu99;
				GCC_NO_COMMON_BLOCKS = YES;
				GCC_WARN_64_TO_32_BIT_CONVERSION = YES;
				GCC_WARN_ABOUT_RETURN_TYPE = YES_ERROR;
				GCC_WARN_UNDECLARED_SELECTOR = YES;
				GCC_WARN_UNINITIALIZED_AUTOS = YES_AGGRESSIVE;
				GCC_WARN_UNUSED_FUNCTION = YES;
				GCC_WARN_UNUSED_VARIABLE = YES;
				IPHONEOS_DEPLOYMENT_TARGET = 10.1;
				MTL_ENABLE_DEBUG_INFO = NO;
				SDKROOT = iphoneos;
				SWIFT_OPTIMIZATION_LEVEL = "-Owholemodule";
				VALIDATE_PRODUCT = YES;
			};
			name = Release;
		};
		499112571E4138AF00F70463 /* Debug */ = {
			isa = XCBuildConfiguration;
			baseConfigurationReference = CABD896E46866BD045DF5DBE /* Pods-MovieViewer.debug.xcconfig */;
			buildSettings = {
				ASSETCATALOG_COMPILER_APPICON_NAME = AppIcon;
				DEVELOPMENT_TEAM = RRX89U7G27;
				INFOPLIST_FILE = MovieViewer/Info.plist;
				LD_RUNPATH_SEARCH_PATHS = "$(inherited) @executable_path/Frameworks";
				PRODUCT_BUNDLE_IDENTIFIER = com.derrickcorp.MovieViewer;
				PRODUCT_NAME = "$(TARGET_NAME)";
				SWIFT_VERSION = 3.0;
			};
			name = Debug;
		};
		499112581E4138AF00F70463 /* Release */ = {
			isa = XCBuildConfiguration;
			baseConfigurationReference = 109539B903E03E4B59203A2F /* Pods-MovieViewer.release.xcconfig */;
			buildSettings = {
				ASSETCATALOG_COMPILER_APPICON_NAME = AppIcon;
				DEVELOPMENT_TEAM = RRX89U7G27;
				INFOPLIST_FILE = MovieViewer/Info.plist;
				LD_RUNPATH_SEARCH_PATHS = "$(inherited) @executable_path/Frameworks";
				PRODUCT_BUNDLE_IDENTIFIER = com.derrickcorp.MovieViewer;
				PRODUCT_NAME = "$(TARGET_NAME)";
				SWIFT_VERSION = 3.0;
			};
			name = Release;
		};
/* End XCBuildConfiguration section */

/* Begin XCConfigurationList section */
		4991123F1E4138AF00F70463 /* Build configuration list for PBXProject "MovieViewer" */ = {
			isa = XCConfigurationList;
			buildConfigurations = (
				499112541E4138AF00F70463 /* Debug */,
				499112551E4138AF00F70463 /* Release */,
			);
			defaultConfigurationIsVisible = 0;
			defaultConfigurationName = Release;
		};
		499112561E4138AF00F70463 /* Build configuration list for PBXNativeTarget "MovieViewer" */ = {
			isa = XCConfigurationList;
			buildConfigurations = (
				499112571E4138AF00F70463 /* Debug */,
				499112581E4138AF00F70463 /* Release */,
			);
			defaultConfigurationIsVisible = 0;
			defaultConfigurationName = Release;
		};
/* End XCConfigurationList section */
	};
	rootObject = 4991123C1E4138AF00F70463 /* Project object */;
}
